
Microsoft Visual Studio Solution File, Format Version 12.00
# Visual Studio Version 16
VisualStudioVersion = 16.0.32901.82
MinimumVisualStudioVersion = 10.0.40219.1
Project("{FAE04EC0-301F-11D3-BF4B-00C04F79EFBC}") = "DriverSignatureDisabler", "DriverSignatureDisabler\DriverSignatureDisabler.csproj", "{4B3C69EE-05AD-4EFD-846B-98E2422D38DB}"
EndProject
Global
	GlobalSection(SolutionConfigurationPlatforms) = preSolution
		Debug|Any CPU = Debug|Any CPU
		Release|Any CPU = Release|Any CPU
	EndGlobalSection
	GlobalSection(ProjectConfigurationPlatforms) = postSolution
		{4B3C69EE-05AD-4EFD-846B-98E2422D38DB}.Debug|Any CPU.ActiveCfg = Debug|Any CPU
		{4B3C69EE-05AD-4EFD-846B-98E2422D38DB}.Debug|Any CPU.Build.0 = Debug|Any CPU
		{4B3C69EE-05AD-4EFD-846B-98E2422D38DB}.Release|Any CPU.ActiveCfg = Release|Any CPU
		{4B3C69EE-05AD-4EFD-846B-98E2422D38DB}.Release|Any CPU.Build.0 = Release|Any CPU
	EndGlobalSection
	GlobalSection(SolutionProperties) = preSolution
		HideSolutionNode = FALSE
	EndGlobalSection
	GlobalSection(ExtensibilityGlobals) = postSolution
		SolutionGuid = {865135C4-BC18-4709-9CCA-4D20E847E3A2}
	EndGlobalSection
EndGlobal
